
Microsoft Visual Studio Solution File, Format Version 12.00
# Visual Studio Version 17
VisualStudioVersion = 17.7.34024.191
MinimumVisualStudioVersion = 10.0.40219.1
Project("{9A19103F-16F7-4668-BE54-9A1E7A4F7556}") = "Domain", "Domain\Domain.csproj", "{87690F35-E6D3-41CB-92C3-ED1960558489}"
EndProject
Project("{9A19103F-16F7-4668-BE54-9A1E7A4F7556}") = "Infrastructure", "Infrastructure\Infrastructure.csproj", "{59521F0C-A39A-4A7D-B877-1019AEC8B2C1}"
EndProject
Project("{9A19103F-16F7-4668-BE54-9A1E7A4F7556}") = "Application", "Application\Application.csproj", "{3F88EA17-B849-4233-BBC7-EC4A94AFFDFB}"
EndProject
Project("{FAE04EC0-301F-11D3-BF4B-00C04F79EFBC}") = "API", "API\API.csproj", "{71724E05-0BFC-44D0-9117-B901617E30E3}"
EndProject
Global
	GlobalSection(SolutionConfigurationPlatforms) = preSolution
		Debug|Any CPU = Debug|Any CPU
		Release|Any CPU = Release|Any CPU
	EndGlobalSection
	GlobalSection(ProjectConfigurationPlatforms) = postSolution
		{87690F35-E6D3-41CB-92C3-ED1960558489}.Debug|Any CPU.ActiveCfg = Debug|Any CPU
		{87690F35-E6D3-41CB-92C3-ED1960558489}.Debug|Any CPU.Build.0 = Debug|Any CPU
		{87690F35-E6D3-41CB-92C3-ED1960558489}.Release|Any CPU.ActiveCfg = Release|Any CPU
		{87690F35-E6D3-41CB-92C3-ED1960558489}.Release|Any CPU.Build.0 = Release|Any CPU
		{59521F0C-A39A-4A7D-B877-1019AEC8B2C1}.Debug|Any CPU.ActiveCfg = Debug|Any CPU
		{59521F0C-A39A-4A7D-B877-1019AEC8B2C1}.Debug|Any CPU.Build.0 = Debug|Any CPU
		{59521F0C-A39A-4A7D-B877-1019AEC8B2C1}.Release|Any CPU.ActiveCfg = Release|Any CPU
		{59521F0C-A39A-4A7D-B877-1019AEC8B2C1}.Release|Any CPU.Build.0 = Release|Any CPU
		{3F88EA17-B849-4233-BBC7-EC4A94AFFDFB}.Debug|Any CPU.ActiveCfg = Debug|Any CPU
		{3F88EA17-B849-4233-BBC7-EC4A94AFFDFB}.Debug|Any CPU.Build.0 = Debug|Any CPU
		{3F88EA17-B849-4233-BBC7-EC4A94AFFDFB}.Release|Any CPU.ActiveCfg = Release|Any CPU
		{3F88EA17-B849-4233-BBC7-EC4A94AFFDFB}.Release|Any CPU.Build.0 = Release|Any CPU
		{71724E05-0BFC-44D0-9117-B901617E30E3}.Debug|Any CPU.ActiveCfg = Debug|Any CPU
		{71724E05-0BFC-44D0-9117-B901617E30E3}.Debug|Any CPU.Build.0 = Debug|Any CPU
		{71724E05-0BFC-44D0-9117-B901617E30E3}.Release|Any CPU.ActiveCfg = Release|Any CPU
		{71724E05-0BFC-44D0-9117-B901617E30E3}.Release|Any CPU.Build.0 = Release|Any CPU
	EndGlobalSection
	GlobalSection(SolutionProperties) = preSolution
		HideSolutionNode = FALSE
	EndGlobalSection
	GlobalSection(ExtensibilityGlobals) = postSolution
		SolutionGuid = {B99E692D-1802-44D8-90DC-50851D1974CE}
	EndGlobalSection
EndGlobal
